
Microsoft Visual Studio Solution File, Format Version 12.00
# Visual Studio 15
VisualStudioVersion = 15.0.28107.0
MinimumVisualStudioVersion = 10.0.40219.1
Project("{9A19103F-16F7-4668-BE54-9A1E7A4F7556}") = "MatFileHandler", "MatFileHandler\MatFileHandler.csproj", "{C0CD11D3-016A-4FCD-AF0B-D745F79F3749}"
EndProject
Project("{9A19103F-16F7-4668-BE54-9A1E7A4F7556}") = "MatFileHandler.Tests", "MatFileHandler.Tests\MatFileHandler.Tests.csproj", "{4E09DE2D-13D2-458C-BBD2-BE65AAE30CC7}"
EndProject
Project("{2150E333-8FDC-42A3-9474-1A3956D46DE8}") = "Solution Items", "Solution Items", "{2CF58D3D-4CEC-419B-AD67-58665A888BDF}"
	ProjectSection(SolutionItems) = preProject
		MatFileHandler\Objects.md = MatFileHandler\Objects.md
		README.md = README.md
	EndProjectSection
EndProject
Global
	GlobalSection(SolutionConfigurationPlatforms) = preSolution
		Debug|Any CPU = Debug|Any CPU
		Release|Any CPU = Release|Any CPU
	EndGlobalSection
	GlobalSection(ProjectConfigurationPlatforms) = postSolution
		{C0CD11D3-016A-4FCD-AF0B-D745F79F3749}.Debug|Any CPU.ActiveCfg = Debug|Any CPU
		{C0CD11D3-016A-4FCD-AF0B-D745F79F3749}.Debug|Any CPU.Build.0 = Debug|Any CPU
		{C0CD11D3-016A-4FCD-AF0B-D745F79F3749}.Release|Any CPU.ActiveCfg = Release|Any CPU
		{C0CD11D3-016A-4FCD-AF0B-D745F79F3749}.Release|Any CPU.Build.0 = Release|Any CPU
		{4E09DE2D-13D2-458C-BBD2-BE65AAE30CC7}.Debug|Any CPU.ActiveCfg = Debug|Any CPU
		{4E09DE2D-13D2-458C-BBD2-BE65AAE30CC7}.Debug|Any CPU.Build.0 = Debug|Any CPU
		{4E09DE2D-13D2-458C-BBD2-BE65AAE30CC7}.Release|Any CPU.ActiveCfg = Release|Any CPU
		{4E09DE2D-13D2-458C-BBD2-BE65AAE30CC7}.Release|Any CPU.Build.0 = Release|Any CPU
	EndGlobalSection
	GlobalSection(SolutionProperties) = preSolution
		HideSolutionNode = FALSE
	EndGlobalSection
	GlobalSection(ExtensibilityGlobals) = postSolution
		SolutionGuid = {58DB2864-D80D-48D9-B926-7E21D348AA20}
	EndGlobalSection
EndGlobal
